// !$*UTF8*$!
{
	archiveVersion = 1;
	classes = {
	};
	objectVersion = 77;
	objects = {

/* Begin PBXBuildFile section */
		D6B8C7DC301098AA00C2F575 /* WidgetKit.framework in Frameworks */ = {isa = PBXBuildFile; fileRef = D6B8C7DB301098A700C2F575 /* WidgetKit.framework */; };
		D6B8C7DE301098AA00C2F575 /* SwiftUI.framework in Frameworks */ = {isa = PBXBuildFile; fileRef = D6B8C7DD301098AA00C2F575 /* SwiftUI.framework */; };
		D6B8C7ED301098EA00C2F575 /* OffsetWidgetsExtension.appex in Embed Foundation Extensions */ = {isa = PBXBuildFile; fileRef = D6B8C7D9301098A400C2F575 /* OffsetWidgetsExtension.appex */; settings = {ATTRIBUTES = (RemoveHeadersOnCopy, ); }; };
		D6B8C7F530109B8200C2F575 /* OffsetKit in Frameworks */ = {isa = PBXBuildFile; productRef = D6B8C7F430109B8200C2F575 /* OffsetKit */; };
		D6B8C7F730109BA700C2F575 /* OffsetKit in Frameworks */ = {isa = PBXBuildFile; productRef = D6B8C7F630109BA700C2F575 /* OffsetKit */; };
		D6B8C7FA30109C4700C2F575 /* SharedConstants.swift in Sources */ = {isa = PBXBuildFile; fileRef = D6B8C7F930109C2A00C2F575 /* SharedConstants.swift */; };
		D6B8C7FB30109C4700C2F575 /* SharedConstants.swift in Sources */ = {isa = PBXBuildFile; fileRef = D6B8C7F930109C2A00C2F575 /* SharedConstants.swift */; };
		D6B8C80B3010AB9B00C2F575 /* BUILDLOG.md in Sources */ = {isa = PBXBuildFile; fileRef = D6B8C80A3010AB8300C2F575 /* BUILDLOG.md */; };
/* End PBXBuildFile section */

/* Begin PBXContainerItemProxy section */
		D6B8C7B93010979500C2F575 /* PBXContainerItemProxy */ = {
			isa = PBXContainerItemProxy;
			containerPortal = D6B8C7A33010978F00C2F575 /* Project object */;
			proxyType = 1;
			remoteGlobalIDString = D6B8C7AA3010978F00C2F575;
			remoteInfo = Offset;
		};
		D6B8C7C33010979500C2F575 /* PBXContainerItemProxy */ = {
			isa = PBXContainerItemProxy;
			containerPortal = D6B8C7A33010978F00C2F575 /* Project object */;
			proxyType = 1;
			remoteGlobalIDString = D6B8C7AA3010978F00C2F575;
			remoteInfo = Offset;
		};
		D6B8C7EB301098EA00C2F575 /* PBXContainerItemProxy */ = {
			isa = PBXContainerItemProxy;
			containerPortal = D6B8C7A33010978F00C2F575 /* Project object */;
			proxyType = 1;
			remoteGlobalIDString = D6B8C7D8301098A400C2F575;
			remoteInfo = OffsetWidgetsExtension;
		};
/* End PBXContainerItemProxy section */

/* Begin PBXCopyFilesBuildPhase section */
		D6B8C7F2301098EA00C2F575 /* Embed Foundation Extensions */ = {
			isa = PBXCopyFilesBuildPhase;
			buildActionMask = 2147483647;
			dstPath = "";
			dstSubfolderSpec = 13;
			files = (
				D6B8C7ED301098EA00C2F575 /* OffsetWidgetsExtension.appex in Embed Foundation Extensions */,
			);
			name = "Embed Foundation Extensions";
			runOnlyForDeploymentPostprocessing = 0;
		};
/* End PBXCopyFilesBuildPhase section */

/* Begin PBXFileReference section */
		D6B8C7AB3010979000C2F575 /* Offset.app */ = {isa = PBXFileReference; explicitFileType = wrapper.application; includeInIndex = 0; path = Offset.app; sourceTree = BUILT_PRODUCTS_DIR; };
		D6B8C7B83010979500C2F575 /* OffsetTests.xctest */ = {isa = PBXFileReference; explicitFileType = wrapper.cfbundle; includeInIndex = 0; path = OffsetTests.xctest; sourceTree = BUILT_PRODUCTS_DIR; };
		D6B8C7C23010979500C2F575 /* OffsetUITests.xctest */ = {isa = PBXFileReference; explicitFileType = wrapper.cfbundle; includeInIndex = 0; path = OffsetUITests.xctest; sourceTree = BUILT_PRODUCTS_DIR; };
		D6B8C7D9301098A400C2F575 /* OffsetWidgetsExtension.appex */ = {isa = PBXFileReference; explicitFileType = "wrapper.app-extension"; includeInIndex = 0; path = OffsetWidgetsExtension.appex; sourceTree = BUILT_PRODUCTS_DIR; };
		D6B8C7DB301098A700C2F575 /* WidgetKit.framework */ = {isa = PBXFileReference; lastKnownFileType = wrapper.framework; name = WidgetKit.framework; path = System/Library/Frameworks/WidgetKit.framework; sourceTree = SDKROOT; };
		D6B8C7DD301098AA00C2F575 /* SwiftUI.framework */ = {isa = PBXFileReference; lastKnownFileType = wrapper.framework; name = SwiftUI.framework; path = System/Library/Frameworks/SwiftUI.framework; sourceTree = SDKROOT; };
		D6B8C7F330109A4D00C2F575 /* OffsetKit */ = {isa = PBXFileReference; lastKnownFileType = wrapper; path = OffsetKit; sourceTree = "<group>"; };
		D6B8C7F930109C2A00C2F575 /* SharedConstants.swift */ = {isa = PBXFileReference; lastKnownFileType = sourcecode.swift; path = SharedConstants.swift; sourceTree = "<group>"; };
		D6B8C7FF3010A4F600C2F575 /* OffsetWidgetsExtension.entitlements */ = {isa = PBXFileReference; lastKnownFileType = text.plist.entitlements; path = OffsetWidgetsExtension.entitlements; sourceTree = "<group>"; };
		D6B8C80A3010AB8300C2F575 /* BUILDLOG.md */ = {isa = PBXFileReference; lastKnownFileType = sourcecode.swift; path = BUILDLOG.md; sourceTree = "<group>"; };
/* End PBXFileReference section */

/* Begin PBXFileSystemSynchronizedBuildFileExceptionSet section */
		D6B8C7EE301098EA00C2F575 /* Exceptions for "OffsetWidgets" folder in "OffsetWidgetsExtension" target */ = {
			isa = PBXFileSystemSynchronizedBuildFileExceptionSet;
			membershipExceptions = (
				Info.plist,
			);
			target = D6B8C7D8301098A400C2F575 /* OffsetWidgetsExtension */;
		};
		D6B8C7FE3010A48A00C2F575 /* Exceptions for "Offset" folder in "Offset" target */ = {
			isa = PBXFileSystemSynchronizedBuildFileExceptionSet;
			membershipExceptions = (
				Info.plist,
			);
			target = D6B8C7AA3010978F00C2F575 /* Offset */;
		};
/* End PBXFileSystemSynchronizedBuildFileExceptionSet section */

/* Begin PBXFileSystemSynchronizedRootGroup section */
		D6B8C7AD3010979000C2F575 /* Offset */ = {
			isa = PBXFileSystemSynchronizedRootGroup;
			exceptions = (
				D6B8C7FE3010A48A00C2F575 /* Exceptions for "Offset" folder in "Offset" target */,
			);
			path = Offset;
			sourceTree = "<group>";
		};
		D6B8C7BB3010979500C2F575 /* OffsetTests */ = {
			isa = PBXFileSystemSynchronizedRootGroup;
			path = OffsetTests;
			sourceTree = "<group>";
		};
		D6B8C7C53010979500C2F575 /* OffsetUITests */ = {
			isa = PBXFileSystemSynchronizedRootGroup;
			path = OffsetUITests;
			sourceTree = "<group>";
		};
		D6B8C7DF301098AA00C2F575 /* OffsetWidgets */ = {
			isa = PBXFileSystemSynchronizedRootGroup;
			exceptions = (
				D6B8C7EE301098EA00C2F575 /* Exceptions for "OffsetWidgets" folder in "OffsetWidgetsExtension" target */,
			);
			path = OffsetWidgets;
			sourceTree = "<group>";
		};
		D6B8C8013010A82D00C2F575 /* Config */ = {
			isa = PBXFileSystemSynchronizedRootGroup;
			path = Config;
			sourceTree = "<group>";
		};
/* End PBXFileSystemSynchronizedRootGroup section */

/* Begin PBXFrameworksBuildPhase section */
		D6B8C7A83010978F00C2F575 /* Frameworks */ = {
			isa = PBXFrameworksBuildPhase;
			buildActionMask = 2147483647;
			files = (
				D6B8C7F530109B8200C2F575 /* OffsetKit in Frameworks */,
			);
			runOnlyForDeploymentPostprocessing = 0;
		};
		D6B8C7B53010979500C2F575 /* Frameworks */ = {
			isa = PBXFrameworksBuildPhase;
			buildActionMask = 2147483647;
			files = (
			);
			runOnlyForDeploymentPostprocessing = 0;
		};
		D6B8C7BF3010979500C2F575 /* Frameworks */ = {
			isa = PBXFrameworksBuildPhase;
			buildActionMask = 2147483647;
			files = (
			);
			runOnlyForDeploymentPostprocessing = 0;
		};
		D6B8C7D6301098A400C2F575 /* Frameworks */ = {
			isa = PBXFrameworksBuildPhase;
			buildActionMask = 2147483647;
			files = (
				D6B8C7DE301098AA00C2F575 /* SwiftUI.framework in Frameworks */,
				D6B8C7DC301098AA00C2F575 /* WidgetKit.framework in Frameworks */,
				D6B8C7F730109BA700C2F575 /* OffsetKit in Frameworks */,
			);
			runOnlyForDeploymentPostprocessing = 0;
		};
/* End PBXFrameworksBuildPhase section */

/* Begin PBXGroup section */
		D6B8C7A23010978F00C2F575 = {
			isa = PBXGroup;
			children = (
				D6B8C80A3010AB8300C2F575 /* BUILDLOG.md */,
				D6B8C8013010A82D00C2F575 /* Config */,
				D6B8C7FF3010A4F600C2F575 /* OffsetWidgetsExtension.entitlements */,
				D6B8C7F830109BF000C2F575 /* Shared */,
				D6B8C7F330109A4D00C2F575 /* OffsetKit */,
				D6B8C7AD3010979000C2F575 /* Offset */,
				D6B8C7BB3010979500C2F575 /* OffsetTests */,
				D6B8C7C53010979500C2F575 /* OffsetUITests */,
				D6B8C7DF301098AA00C2F575 /* OffsetWidgets */,
				D6B8C7DA301098A700C2F575 /* Frameworks */,
				D6B8C7AC3010979000C2F575 /* Products */,
			);
			sourceTree = "<group>";
		};
		D6B8C7AC3010979000C2F575 /* Products */ = {
			isa = PBXGroup;
			children = (
				D6B8C7AB3010979000C2F575 /* Offset.app */,
				D6B8C7B83010979500C2F575 /* OffsetTests.xctest */,
				D6B8C7C23010979500C2F575 /* OffsetUITests.xctest */,
				D6B8C7D9301098A400C2F575 /* OffsetWidgetsExtension.appex */,
			);
			name = Products;
			sourceTree = "<group>";
		};
		D6B8C7DA301098A700C2F575 /* Frameworks */ = {
			isa = PBXGroup;
			children = (
				D6B8C7DB301098A700C2F575 /* WidgetKit.framework */,
				D6B8C7DD301098AA00C2F575 /* SwiftUI.framework */,
			);
			name = Frameworks;
			sourceTree = "<group>";
		};
		D6B8C7F830109BF000C2F575 /* Shared */ = {
			isa = PBXGroup;
			children = (
				D6B8C7F930109C2A00C2F575 /* SharedConstants.swift */,
			);
			path = Shared;
			sourceTree = "<group>";
		};
/* End PBXGroup section */

/* Begin PBXNativeTarget section */
		D6B8C7AA3010978F00C2F575 /* Offset */ = {
			isa = PBXNativeTarget;
			buildConfigurationList = D6B8C7CC3010979500C2F575 /* Build configuration list for PBXNativeTarget "Offset" */;
			buildPhases = (
				D6B8C7A73010978F00C2F575 /* Sources */,
				D6B8C7A83010978F00C2F575 /* Frameworks */,
				D6B8C7A93010978F00C2F575 /* Resources */,
				D6B8C7F2301098EA00C2F575 /* Embed Foundation Extensions */,
			);
			buildRules = (
			);
			dependencies = (
				D6B8C7EC301098EA00C2F575 /* PBXTargetDependency */,
			);
			fileSystemSynchronizedGroups = (
				D6B8C7AD3010979000C2F575 /* Offset */,
				D6B8C8013010A82D00C2F575 /* Config */,
			);
			name = Offset;
			packageProductDependencies = (
				D6B8C7F430109B8200C2F575 /* OffsetKit */,
			);
			productName = Offset;
			productReference = D6B8C7AB3010979000C2F575 /* Offset.app */;
			productType = "com.apple.product-type.application";
		};
		D6B8C7B73010979500C2F575 /* OffsetTests */ = {
			isa = PBXNativeTarget;
			buildConfigurationList = D6B8C7CF3010979500C2F575 /* Build configuration list for PBXNativeTarget "OffsetTests" */;
			buildPhases = (
				D6B8C7B43010979500C2F575 /* Sources */,
				D6B8C7B53010979500C2F575 /* Frameworks */,
				D6B8C7B63010979500C2F575 /* Resources */,
			);
			buildRules = (
			);
			dependencies = (
				D6B8C7BA3010979500C2F575 /* PBXTargetDependency */,
			);
			fileSystemSynchronizedGroups = (
				D6B8C7BB3010979500C2F575 /* OffsetTests */,
			);
			name = OffsetTests;
			packageProductDependencies = (
			);
			productName = OffsetTests;
			productReference = D6B8C7B83010979500C2F575 /* OffsetTests.xctest */;
			productType = "com.apple.product-type.bundle.unit-test";
		};
		D6B8C7C13010979500C2F575 /* OffsetUITests */ = {
			isa = PBXNativeTarget;
			buildConfigurationList = D6B8C7D23010979500C2F575 /* Build configuration list for PBXNativeTarget "OffsetUITests" */;
			buildPhases = (
				D6B8C7BE3010979500C2F575 /* Sources */,
				D6B8C7BF3010979500C2F575 /* Frameworks */,
				D6B8C7C03010979500C2F575 /* Resources */,
			);
			buildRules = (
			);
			dependencies = (
				D6B8C7C43010979500C2F575 /* PBXTargetDependency */,
			);
			fileSystemSynchronizedGroups = (
				D6B8C7C53010979500C2F575 /* OffsetUITests */,
			);
			name = OffsetUITests;
			packageProductDependencies = (
			);
			productName = OffsetUITests;
			productReference = D6B8C7C23010979500C2F575 /* OffsetUITests.xctest */;
			productType = "com.apple.product-type.bundle.ui-testing";
		};
		D6B8C7D8301098A400C2F575 /* OffsetWidgetsExtension */ = {
			isa = PBXNativeTarget;
			buildConfigurationList = D6B8C7EF301098EA00C2F575 /* Build configuration list for PBXNativeTarget "OffsetWidgetsExtension" */;
			buildPhases = (
				D6B8C7D5301098A400C2F575 /* Sources */,
				D6B8C7D6301098A400C2F575 /* Frameworks */,
				D6B8C7D7301098A400C2F575 /* Resources */,
			);
			buildRules = (
			);
			dependencies = (
			);
			fileSystemSynchronizedGroups = (
				D6B8C7DF301098AA00C2F575 /* OffsetWidgets */,
			);
			name = OffsetWidgetsExtension;
			packageProductDependencies = (
				D6B8C7F630109BA700C2F575 /* OffsetKit */,
			);
			productName = OffsetWidgetsExtension;
			productReference = D6B8C7D9301098A400C2F575 /* OffsetWidgetsExtension.appex */;
			productType = "com.apple.product-type.app-extension";
		};
/* End PBXNativeTarget section */

/* Begin PBXProject section */
		D6B8C7A33010978F00C2F575 /* Project object */ = {
			isa = PBXProject;
			attributes = {
				BuildIndependentTargetsInParallel = 1;
				LastSwiftUpdateCheck = 2660;
				LastUpgradeCheck = 2660;
				TargetAttributes = {
					D6B8C7AA3010978F00C2F575 = {
						CreatedOnToolsVersion = 26.6;
					};
					D6B8C7B73010979500C2F575 = {
						CreatedOnToolsVersion = 26.6;
						TestTargetID = D6B8C7AA3010978F00C2F575;
					};
					D6B8C7C13010979500C2F575 = {
						CreatedOnToolsVersion = 26.6;
						TestTargetID = D6B8C7AA3010978F00C2F575;
					};
					D6B8C7D8301098A400C2F575 = {
						CreatedOnToolsVersion = 26.6;
					};
				};
			};
			buildConfigurationList = D6B8C7A63010978F00C2F575 /* Build configuration list for PBXProject "Offset" */;
			developmentRegion = en;
			hasScannedForEncodings = 0;
			knownRegions = (
				en,
				Base,
			);
			mainGroup = D6B8C7A23010978F00C2F575;
			minimizedProjectReferenceProxies = 1;
			preferredProjectObjectVersion = 77;
			productRefGroup = D6B8C7AC3010979000C2F575 /* Products */;
			projectDirPath = "";
			projectRoot = "";
			targets = (
				D6B8C7AA3010978F00C2F575 /* Offset */,
				D6B8C7B73010979500C2F575 /* OffsetTests */,
				D6B8C7C13010979500C2F575 /* OffsetUITests */,
				D6B8C7D8301098A400C2F575 /* OffsetWidgetsExtension */,
			);
		};
/* End PBXProject section */

/* Begin PBXResourcesBuildPhase section */
		D6B8C7A93010978F00C2F575 /* Resources */ = {
			isa = PBXResourcesBuildPhase;
			buildActionMask = 2147483647;
			files = (
			);
			runOnlyForDeploymentPostprocessing = 0;
		};
		D6B8C7B63010979500C2F575 /* Resources */ = {
			isa = PBXResourcesBuildPhase;
			buildActionMask = 2147483647;
			files = (
			);
			runOnlyForDeploymentPostprocessing = 0;
		};
		D6B8C7C03010979500C2F575 /* Resources */ = {
			isa = PBXResourcesBuildPhase;
			buildActionMask = 2147483647;
			files = (
			);
			runOnlyForDeploymentPostprocessing = 0;
		};
		D6B8C7D7301098A400C2F575 /* Resources */ = {
			isa = PBXResourcesBuildPhase;
			buildActionMask = 2147483647;
			files = (
			);
			runOnlyForDeploymentPostprocessing = 0;
		};
/* End PBXResourcesBuildPhase section */

/* Begin PBXSourcesBuildPhase section */
		D6B8C7A73010978F00C2F575 /* Sources */ = {
			isa = PBXSourcesBuildPhase;
			buildActionMask = 2147483647;
			files = (
				D6B8C80B3010AB9B00C2F575 /* BUILDLOG.md in Sources */,
				D6B8C7FA30109C4700C2F575 /* SharedConstants.swift in Sources */,
			);
			runOnlyForDeploymentPostprocessing = 0;
		};
		D6B8C7B43010979500C2F575 /* Sources */ = {
			isa = PBXSourcesBuildPhase;
			buildActionMask = 2147483647;
			files = (
			);
			runOnlyForDeploymentPostprocessing = 0;
		};
		D6B8C7BE3010979500C2F575 /* Sources */ = {
			isa = PBXSourcesBuildPhase;
			buildActionMask = 2147483647;
			files = (
			);
			runOnlyForDeploymentPostprocessing = 0;
		};
		D6B8C7D5301098A400C2F575 /* Sources */ = {
			isa = PBXSourcesBuildPhase;
			buildActionMask = 2147483647;
			files = (
				D6B8C7FB30109C4700C2F575 /* SharedConstants.swift in Sources */,
			);
			runOnlyForDeploymentPostprocessing = 0;
		};
/* End PBXSourcesBuildPhase section */

/* Begin PBXTargetDependency section */
		D6B8C7BA3010979500C2F575 /* PBXTargetDependency */ = {
			isa = PBXTargetDependency;
			target = D6B8C7AA3010978F00C2F575 /* Offset */;
			targetProxy = D6B8C7B93010979500C2F575 /* PBXContainerItemProxy */;
		};
		D6B8C7C43010979500C2F575 /* PBXTargetDependency */ = {
			isa = PBXTargetDependency;
			target = D6B8C7AA3010978F00C2F575 /* Offset */;
			targetProxy = D6B8C7C33010979500C2F575 /* PBXContainerItemProxy */;
		};
		D6B8C7EC301098EA00C2F575 /* PBXTargetDependency */ = {
			isa = PBXTargetDependency;
			target = D6B8C7D8301098A400C2F575 /* OffsetWidgetsExtension */;
			targetProxy = D6B8C7EB301098EA00C2F575 /* PBXContainerItemProxy */;
		};
/* End PBXTargetDependency section */

/* Begin XCBuildConfiguration section */
		D6B8C7CA3010979500C2F575 /* Debug */ = {
			isa = XCBuildConfiguration;
			baseConfigurationReferenceAnchor = D6B8C8013010A82D00C2F575 /* Config */;
			baseConfigurationReferenceRelativePath = Secrets.xcconfig;
			buildSettings = {
				ALWAYS_SEARCH_USER_PATHS = NO;
				ASSETCATALOG_COMPILER_GENERATE_SWIFT_ASSET_SYMBOL_EXTENSIONS = YES;
				CLANG_ANALYZER_NONNULL = YES;
				CLANG_ANALYZER_NUMBER_OBJECT_CONVERSION = YES_AGGRESSIVE;
				CLANG_CXX_LANGUAGE_STANDARD = "gnu++20";
				CLANG_ENABLE_MODULES = YES;
				CLANG_ENABLE_OBJC_ARC = YES;
				CLANG_ENABLE_OBJC_WEAK = YES;
				CLANG_WARN_BLOCK_CAPTURE_AUTORELEASING = YES;
				CLANG_WARN_BOOL_CONVERSION = YES;
				CLANG_WARN_COMMA = YES;
				CLANG_WARN_CONSTANT_CONVERSION = YES;
				CLANG_WARN_DEPRECATED_OBJC_IMPLEMENTATIONS = YES;
				CLANG_WARN_DIRECT_OBJC_ISA_USAGE = YES_ERROR;
				CLANG_WARN_DOCUMENTATION_COMMENTS = YES;
				CLANG_WARN_EMPTY_BODY = YES;
				CLANG_WARN_ENUM_CONVERSION = YES;
				CLANG_WARN_INFINITE_RECURSION = YES;
				CLANG_WARN_INT_CONVERSION = YES;
				CLANG_WARN_NON_LITERAL_NULL_CONVERSION = YES;
				CLANG_WARN_OBJC_IMPLICIT_RETAIN_SELF = YES;
				CLANG_WARN_OBJC_LITERAL_CONVERSION = YES;
				CLANG_WARN_OBJC_ROOT_CLASS = YES_ERROR;
				CLANG_WARN_QUOTED_INCLUDE_IN_FRAMEWORK_HEADER = YES;
				CLANG_WARN_RANGE_LOOP_ANALYSIS = YES;
				CLANG_WARN_STRICT_PROTOTYPES = YES;
				CLANG_WARN_SUSPICIOUS_MOVE = YES;
				CLANG_WARN_UNGUARDED_AVAILABILITY = YES_AGGRESSIVE;
				CLANG_WARN_UNREACHABLE_CODE = YES;
				CLANG_WARN__DUPLICATE_METHOD_MATCH = YES;
				COPY_PHASE_STRIP = NO;
				DEBUG_INFORMATION_FORMAT = dwarf;
				DEVELOPMENT_TEAM = K63K8RN4S8;
				ENABLE_STRICT_OBJC_MSGSEND = YES;
				ENABLE_TESTABILITY = YES;
				ENABLE_USER_SCRIPT_SANDBOXING = YES;
				GCC_C_LANGUAGE_STANDARD = gnu17;
				GCC_DYNAMIC_NO_PIC = NO;
				GCC_NO_COMMON_BLOCKS = YES;
				GCC_OPTIMIZATION_LEVEL = 0;
				GCC_PREPROCESSOR_DEFINITIONS = (
					"DEBUG=1",
					"$(inherited)",
				);
				GCC_WARN_64_TO_32_BIT_CONVERSION = YES;
				GCC_WARN_ABOUT_RETURN_TYPE = YES_ERROR;
				GCC_WARN_UNDECLARED_SELECTOR = YES;
				GCC_WARN_UNINITIALIZED_AUTOS = YES_AGGRESSIVE;
				GCC_WARN_UNUSED_FUNCTION = YES;
				GCC_WARN_UNUSED_VARIABLE = YES;
				IPHONEOS_DEPLOYMENT_TARGET = 26.5;
				LOCALIZATION_PREFERS_STRING_CATALOGS = YES;
				MTL_ENABLE_DEBUG_INFO = INCLUDE_SOURCE;
				MTL_FAST_MATH = YES;
				ONLY_ACTIVE_ARCH = YES;
				SDKROOT = iphoneos;
				SWIFT_ACTIVE_COMPILATION_CONDITIONS = "DEBUG $(inherited)";
				SWIFT_OPTIMIZATION_LEVEL = "-Onone";
			};
			name = Debug;
		};
		D6B8C7CB3010979500C2F575 /* Release */ = {
			isa = XCBuildConfiguration;
			baseConfigurationReferenceAnchor = D6B8C8013010A82D00C2F575 /* Config */;
			baseConfigurationReferenceRelativePath = Secrets.xcconfig;
			buildSettings = {
				ALWAYS_SEARCH_USER_PATHS = NO;
				ASSETCATALOG_COMPILER_GENERATE_SWIFT_ASSET_SYMBOL_EXTENSIONS = YES;
				CLANG_ANALYZER_NONNULL = YES;
				CLANG_ANALYZER_NUMBER_OBJECT_CONVERSION = YES_AGGRESSIVE;
				CLANG_CXX_LANGUAGE_STANDARD = "gnu++20";
				CLANG_ENABLE_MODULES = YES;
				CLANG_ENABLE_OBJC_ARC = YES;
				CLANG_ENABLE_OBJC_WEAK = YES;
				CLANG_WARN_BLOCK_CAPTURE_AUTORELEASING = YES;
				CLANG_WARN_BOOL_CONVERSION = YES;
				CLANG_WARN_COMMA = YES;
				CLANG_WARN_CONSTANT_CONVERSION = YES;
				CLANG_WARN_DEPRECATED_OBJC_IMPLEMENTATIONS = YES;
				CLANG_WARN_DIRECT_OBJC_ISA_USAGE = YES_ERROR;
				CLANG_WARN_DOCUMENTATION_COMMENTS = YES;
				CLANG_WARN_EMPTY_BODY = YES;
				CLANG_WARN_ENUM_CONVERSION = YES;
				CLANG_WARN_INFINITE_RECURSION = YES;
				CLANG_WARN_INT_CONVERSION = YES;
				CLANG_WARN_NON_LITERAL_NULL_CONVERSION = YES;
				CLANG_WARN_OBJC_IMPLICIT_RETAIN_SELF = YES;
				CLANG_WARN_OBJC_LITERAL_CONVERSION = YES;
				CLANG_WARN_OBJC_ROOT_CLASS = YES_ERROR;
				CLANG_WARN_QUOTED_INCLUDE_IN_FRAMEWORK_HEADER = YES;
				CLANG_WARN_RANGE_LOOP_ANALYSIS = YES;
				CLANG_WARN_STRICT_PROTOTYPES = YES;
				CLANG_WARN_SUSPICIOUS_MOVE = YES;
				CLANG_WARN_UNGUARDED_AVAILABILITY = YES_AGGRESSIVE;
				CLANG_WARN_UNREACHABLE_CODE = YES;
				CLANG_WARN__DUPLICATE_METHOD_MATCH = YES;
				COPY_PHASE_STRIP = NO;
				DEBUG_INFORMATION_FORMAT = "dwarf-with-dsym";
				DEVELOPMENT_TEAM = K63K8RN4S8;
				ENABLE_NS_ASSERTIONS = NO;
				ENABLE_STRICT_OBJC_MSGSEND = YES;
				ENABLE_USER_SCRIPT_SANDBOXING = YES;
				GCC_C_LANGUAGE_STANDARD = gnu17;
				GCC_NO_COMMON_BLOCKS = YES;
				GCC_WARN_64_TO_32_BIT_CONVERSION = YES;
				GCC_WARN_ABOUT_RETURN_TYPE = YES_ERROR;
				GCC_WARN_UNDECLARED_SELECTOR = YES;
				GCC_WARN_UNINITIALIZED_AUTOS = YES_AGGRESSIVE;
				GCC_WARN_UNUSED_FUNCTION = YES;
				GCC_WARN_UNUSED_VARIABLE = YES;
				IPHONEOS_DEPLOYMENT_TARGET = 26.5;
				LOCALIZATION_PREFERS_STRING_CATALOGS = YES;
				MTL_ENABLE_DEBUG_INFO = NO;
				MTL_FAST_MATH = YES;
				SDKROOT = iphoneos;
				SWIFT_COMPILATION_MODE = wholemodule;
				VALIDATE_PRODUCT = YES;
			};
			name = Release;
		};
		D6B8C7CD3010979500C2F575 /* Debug */ = {
			isa = XCBuildConfiguration;
			buildSettings = {
				ASSETCATALOG_COMPILER_APPICON_NAME = AppIcon;
				ASSETCATALOG_COMPILER_GLOBAL_ACCENT_COLOR_NAME = AccentColor;
				CODE_SIGN_ENTITLEMENTS = Offset/Offset.entitlements;
				CODE_SIGN_STYLE = Automatic;
				CURRENT_PROJECT_VERSION = 1;
				DEVELOPMENT_TEAM = K63K8RN4S8;
				ENABLE_PREVIEWS = YES;
				GENERATE_INFOPLIST_FILE = YES;
				INFOPLIST_FILE = Offset/Info.plist;
				INFOPLIST_KEY_NSSupportsLiveActivities = YES;
				INFOPLIST_KEY_NSSupportsLiveActivitiesFrequentUpdates = YES;
				INFOPLIST_KEY_UIApplicationSceneManifest_Generation = YES;
				INFOPLIST_KEY_UIApplicationSupportsIndirectInputEvents = YES;
				INFOPLIST_KEY_UILaunchScreen_Generation = YES;
				INFOPLIST_KEY_UISupportedInterfaceOrientations_iPad = "UIInterfaceOrientationPortrait UIInterfaceOrientationPortraitUpsideDown UIInterfaceOrientationLandscapeLeft UIInterfaceOrientationLandscapeRight";
				INFOPLIST_KEY_UISupportedInterfaceOrientations_iPhone = "UIInterfaceOrientationPortrait UIInterfaceOrientationLandscapeLeft UIInterfaceOrientationLandscapeRight";
				IPHONEOS_DEPLOYMENT_TARGET = 26.0;
				LD_RUNPATH_SEARCH_PATHS = (
					"$(inherited)",
					"@executable_path/Frameworks",
				);
				MARKETING_VERSION = 1.0;
				PRODUCT_BUNDLE_IDENTIFIER = "com.bloxy-studios.Offset";
				PRODUCT_NAME = "$(TARGET_NAME)";
				STRING_CATALOG_GENERATE_SYMBOLS = YES;
				SUPPORTED_PLATFORMS = "iphoneos iphonesimulator";
				SUPPORTS_MACCATALYST = NO;
				SUPPORTS_MAC_DESIGNED_FOR_IPHONE_IPAD = NO;
				SUPPORTS_XR_DESIGNED_FOR_IPHONE_IPAD = NO;
				SWIFT_APPROACHABLE_CONCURRENCY = YES;
				SWIFT_DEFAULT_ACTOR_ISOLATION = MainActor;
				SWIFT_EMIT_LOC_STRINGS = YES;
				SWIFT_UPCOMING_FEATURE_MEMBER_IMPORT_VISIBILITY = YES;
				SWIFT_VERSION = 6.0;
				TARGETED_DEVICE_FAMILY = 1;
			};
			name = Debug;
		};
		D6B8C7CE3010979500C2F575 /* Release */ = {
			isa = XCBuildConfiguration;
			buildSettings = {
				ASSETCATALOG_COMPILER_APPICON_NAME = AppIcon;
				ASSETCATALOG_COMPILER_GLOBAL_ACCENT_COLOR_NAME = AccentColor;
				CODE_SIGN_ENTITLEMENTS = Offset/Offset.entitlements;
				CODE_SIGN_STYLE = Automatic;
				CURRENT_PROJECT_VERSION = 1;
				DEVELOPMENT_TEAM = K63K8RN4S8;
				ENABLE_PREVIEWS = YES;
				GENERATE_INFOPLIST_FILE = YES;
				INFOPLIST_FILE = Offset/Info.plist;
				INFOPLIST_KEY_NSSupportsLiveActivities = YES;
				INFOPLIST_KEY_NSSupportsLiveActivitiesFrequentUpdates = YES;
				INFOPLIST_KEY_UIApplicationSceneManifest_Generation = YES;
				INFOPLIST_KEY_UIApplicationSupportsIndirectInputEvents = YES;
				INFOPLIST_KEY_UILaunchScreen_Generation = YES;
				INFOPLIST_KEY_UISupportedInterfaceOrientations_iPad = "UIInterfaceOrientationPortrait UIInterfaceOrientationPortraitUpsideDown UIInterfaceOrientationLandscapeLeft UIInterfaceOrientationLandscapeRight";
				INFOPLIST_KEY_UISupportedInterfaceOrientations_iPhone = "UIInterfaceOrientationPortrait UIInterfaceOrientationLandscapeLeft UIInterfaceOrientationLandscapeRight";
				IPHONEOS_DEPLOYMENT_TARGET = 26.0;
				LD_RUNPATH_SEARCH_PATHS = (
					"$(inherited)",
					"@executable_path/Frameworks",
				);
				MARKETING_VERSION = 1.0;
				PRODUCT_BUNDLE_IDENTIFIER = "com.bloxy-studios.Offset";
				PRODUCT_NAME = "$(TARGET_NAME)";
				STRING_CATALOG_GENERATE_SYMBOLS = YES;
				SUPPORTED_PLATFORMS = "iphoneos iphonesimulator";
				SUPPORTS_MACCATALYST = NO;
				SUPPORTS_MAC_DESIGNED_FOR_IPHONE_IPAD = NO;
				SUPPORTS_XR_DESIGNED_FOR_IPHONE_IPAD = NO;
				SWIFT_APPROACHABLE_CONCURRENCY = YES;
				SWIFT_DEFAULT_ACTOR_ISOLATION = MainActor;
				SWIFT_EMIT_LOC_STRINGS = YES;
				SWIFT_UPCOMING_FEATURE_MEMBER_IMPORT_VISIBILITY = YES;
				SWIFT_VERSION = 6.0;
				TARGETED_DEVICE_FAMILY = 1;
			};
			name = Release;
		};
		D6B8C7D03010979500C2F575 /* Debug */ = {
			isa = XCBuildConfiguration;
			buildSettings = {
				BUNDLE_LOADER = "$(TEST_HOST)";
				CODE_SIGN_STYLE = Automatic;
				CURRENT_PROJECT_VERSION = 1;
				DEVELOPMENT_TEAM = K63K8RN4S8;
				GENERATE_INFOPLIST_FILE = YES;
				IPHONEOS_DEPLOYMENT_TARGET = 26.5;
				MARKETING_VERSION = 1.0;
				PRODUCT_BUNDLE_IDENTIFIER = "com.bloxy-studios.OffsetTests";
				PRODUCT_NAME = "$(TARGET_NAME)";
				STRING_CATALOG_GENERATE_SYMBOLS = NO;
				SWIFT_APPROACHABLE_CONCURRENCY = YES;
				SWIFT_EMIT_LOC_STRINGS = NO;
				SWIFT_UPCOMING_FEATURE_MEMBER_IMPORT_VISIBILITY = YES;
				SWIFT_VERSION = 5.0;
				TARGETED_DEVICE_FAMILY = "1,2";
				TEST_HOST = "$(BUILT_PRODUCTS_DIR)/Offset.app/$(BUNDLE_EXECUTABLE_FOLDER_PATH)/Offset";
			};
			name = Debug;
		};
		D6B8C7D13010979500C2F575 /* Release */ = {
			isa = XCBuildConfiguration;
			buildSettings = {
				BUNDLE_LOADER = "$(TEST_HOST)";
				CODE_SIGN_STYLE = Automatic;
				CURRENT_PROJECT_VERSION = 1;
				DEVELOPMENT_TEAM = K63K8RN4S8;
				GENERATE_INFOPLIST_FILE = YES;
				IPHONEOS_DEPLOYMENT_TARGET = 26.5;
				MARKETING_VERSION = 1.0;
				PRODUCT_BUNDLE_IDENTIFIER = "com.bloxy-studios.OffsetTests";
				PRODUCT_NAME = "$(TARGET_NAME)";
				STRING_CATALOG_GENERATE_SYMBOLS = NO;
				SWIFT_APPROACHABLE_CONCURRENCY = YES;
				SWIFT_EMIT_LOC_STRINGS = NO;
				SWIFT_UPCOMING_FEATURE_MEMBER_IMPORT_VISIBILITY = YES;
				SWIFT_VERSION = 5.0;
				TARGETED_DEVICE_FAMILY = "1,2";
				TEST_HOST = "$(BUILT_PRODUCTS_DIR)/Offset.app/$(BUNDLE_EXECUTABLE_FOLDER_PATH)/Offset";
			};
			name = Release;
		};
		D6B8C7D33010979500C2F575 /* Debug */ = {
			isa = XCBuildConfiguration;
			buildSettings = {
				CODE_SIGN_STYLE = Automatic;
				CURRENT_PROJECT_VERSION = 1;
				DEVELOPMENT_TEAM = K63K8RN4S8;
				GENERATE_INFOPLIST_FILE = YES;
				MARKETING_VERSION = 1.0;
				PRODUCT_BUNDLE_IDENTIFIER = "com.bloxy-studios.OffsetUITests";
				PRODUCT_NAME = "$(TARGET_NAME)";
				STRING_CATALOG_GENERATE_SYMBOLS = NO;
				SWIFT_APPROACHABLE_CONCURRENCY = YES;
				SWIFT_EMIT_LOC_STRINGS = NO;
				SWIFT_UPCOMING_FEATURE_MEMBER_IMPORT_VISIBILITY = YES;
				SWIFT_VERSION = 5.0;
				TARGETED_DEVICE_FAMILY = "1,2";
				TEST_TARGET_NAME = Offset;
			};
			name = Debug;
		};
		D6B8C7D43010979500C2F575 /* Release */ = {
			isa = XCBuildConfiguration;
			buildSettings = {
				CODE_SIGN_STYLE = Automatic;
				CURRENT_PROJECT_VERSION = 1;
				DEVELOPMENT_TEAM = K63K8RN4S8;
				GENERATE_INFOPLIST_FILE = YES;
				MARKETING_VERSION = 1.0;
				PRODUCT_BUNDLE_IDENTIFIER = "com.bloxy-studios.OffsetUITests";
				PRODUCT_NAME = "$(TARGET_NAME)";
				STRING_CATALOG_GENERATE_SYMBOLS = NO;
				SWIFT_APPROACHABLE_CONCURRENCY = YES;
				SWIFT_EMIT_LOC_STRINGS = NO;
				SWIFT_UPCOMING_FEATURE_MEMBER_IMPORT_VISIBILITY = YES;
				SWIFT_VERSION = 5.0;
				TARGETED_DEVICE_FAMILY = "1,2";
				TEST_TARGET_NAME = Offset;
			};
			name = Release;
		};
		D6B8C7F0301098EA00C2F575 /* Debug */ = {
			isa = XCBuildConfiguration;
			buildSettings = {
				ASSETCATALOG_COMPILER_GLOBAL_ACCENT_COLOR_NAME = AccentColor;
				ASSETCATALOG_COMPILER_WIDGET_BACKGROUND_COLOR_NAME = WidgetBackground;
				CODE_SIGN_ENTITLEMENTS = OffsetWidgetsExtension.entitlements;
				CODE_SIGN_STYLE = Automatic;
				CURRENT_PROJECT_VERSION = 1;
				DEVELOPMENT_TEAM = K63K8RN4S8;
				GENERATE_INFOPLIST_FILE = YES;
				INFOPLIST_FILE = OffsetWidgets/Info.plist;
				INFOPLIST_KEY_CFBundleDisplayName = OffsetWidgets;
				INFOPLIST_KEY_NSHumanReadableCopyright = "";
				IPHONEOS_DEPLOYMENT_TARGET = 26.0;
				LD_RUNPATH_SEARCH_PATHS = (
					"$(inherited)",
					"@executable_path/Frameworks",
					"@executable_path/../../Frameworks",
				);
				MARKETING_VERSION = 1.0;
				PRODUCT_BUNDLE_IDENTIFIER = "com.bloxy-studios.Offset.OffsetWidgets";
				PRODUCT_NAME = "$(TARGET_NAME)";
				SKIP_INSTALL = YES;
				STRING_CATALOG_GENERATE_SYMBOLS = YES;
				SUPPORTED_PLATFORMS = "iphoneos iphonesimulator";
				SUPPORTS_MACCATALYST = NO;
				SUPPORTS_MAC_DESIGNED_FOR_IPHONE_IPAD = NO;
				SUPPORTS_XR_DESIGNED_FOR_IPHONE_IPAD = NO;
				SWIFT_APPROACHABLE_CONCURRENCY = YES;
				SWIFT_EMIT_LOC_STRINGS = YES;
				SWIFT_UPCOMING_FEATURE_MEMBER_IMPORT_VISIBILITY = YES;
				SWIFT_VERSION = 6.0;
				TARGETED_DEVICE_FAMILY = 1;
			};
			name = Debug;
		};
		D6B8C7F1301098EA00C2F575 /* Release */ = {
			isa = XCBuildConfiguration;
			buildSettings = {
				ASSETCATALOG_COMPILER_GLOBAL_ACCENT_COLOR_NAME = AccentColor;
				ASSETCATALOG_COMPILER_WIDGET_BACKGROUND_COLOR_NAME = WidgetBackground;
				CODE_SIGN_ENTITLEMENTS = OffsetWidgetsExtension.entitlements;
				CODE_SIGN_STYLE = Automatic;
				CURRENT_PROJECT_VERSION = 1;
				DEVELOPMENT_TEAM = K63K8RN4S8;
				GENERATE_INFOPLIST_FILE = YES;
				INFOPLIST_FILE = OffsetWidgets/Info.plist;
				INFOPLIST_KEY_CFBundleDisplayName = OffsetWidgets;
				INFOPLIST_KEY_NSHumanReadableCopyright = "";
				IPHONEOS_DEPLOYMENT_TARGET = 26.0;
				LD_RUNPATH_SEARCH_PATHS = (
					"$(inherited)",
					"@executable_path/Frameworks",
					"@executable_path/../../Frameworks",
				);
				MARKETING_VERSION = 1.0;
				PRODUCT_BUNDLE_IDENTIFIER = "com.bloxy-studios.Offset.OffsetWidgets";
				PRODUCT_NAME = "$(TARGET_NAME)";
				SKIP_INSTALL = YES;
				STRING_CATALOG_GENERATE_SYMBOLS = YES;
				SUPPORTED_PLATFORMS = "iphoneos iphonesimulator";
				SUPPORTS_MACCATALYST = NO;
				SUPPORTS_MAC_DESIGNED_FOR_IPHONE_IPAD = NO;
				SUPPORTS_XR_DESIGNED_FOR_IPHONE_IPAD = NO;
				SWIFT_APPROACHABLE_CONCURRENCY = YES;
				SWIFT_EMIT_LOC_STRINGS = YES;
				SWIFT_UPCOMING_FEATURE_MEMBER_IMPORT_VISIBILITY = YES;
				SWIFT_VERSION = 6.0;
				TARGETED_DEVICE_FAMILY = 1;
			};
			name = Release;
		};
/* End XCBuildConfiguration section */

/* Begin XCConfigurationList section */
		D6B8C7A63010978F00C2F575 /* Build configuration list for PBXProject "Offset" */ = {
			isa = XCConfigurationList;
			buildConfigurations = (
				D6B8C7CA3010979500C2F575 /* Debug */,
				D6B8C7CB3010979500C2F575 /* Release */,
			);
			defaultConfigurationIsVisible = 0;
			defaultConfigurationName = Release;
		};
		D6B8C7CC3010979500C2F575 /* Build configuration list for PBXNativeTarget "Offset" */ = {
			isa = XCConfigurationList;
			buildConfigurations = (
				D6B8C7CD3010979500C2F575 /* Debug */,
				D6B8C7CE3010979500C2F575 /* Release */,
			);
			defaultConfigurationIsVisible = 0;
			defaultConfigurationName = Release;
		};
		D6B8C7CF3010979500C2F575 /* Build configuration list for PBXNativeTarget "OffsetTests" */ = {
			isa = XCConfigurationList;
			buildConfigurations = (
				D6B8C7D03010979500C2F575 /* Debug */,
				D6B8C7D13010979500C2F575 /* Release */,
			);
			defaultConfigurationIsVisible = 0;
			defaultConfigurationName = Release;
		};
		D6B8C7D23010979500C2F575 /* Build configuration list for PBXNativeTarget "OffsetUITests" */ = {
			isa = XCConfigurationList;
			buildConfigurations = (
				D6B8C7D33010979500C2F575 /* Debug */,
				D6B8C7D43010979500C2F575 /* Release */,
			);
			defaultConfigurationIsVisible = 0;
			defaultConfigurationName = Release;
		};
		D6B8C7EF301098EA00C2F575 /* Build configuration list for PBXNativeTarget "OffsetWidgetsExtension" */ = {
			isa = XCConfigurationList;
			buildConfigurations = (
				D6B8C7F0301098EA00C2F575 /* Debug */,
				D6B8C7F1301098EA00C2F575 /* Release */,
			);
			defaultConfigurationIsVisible = 0;
			defaultConfigurationName = Release;
		};
/* End XCConfigurationList section */

/* Begin XCSwiftPackageProductDependency section */
		D6B8C7F430109B8200C2F575 /* OffsetKit */ = {
			isa = XCSwiftPackageProductDependency;
			productName = OffsetKit;
		};
		D6B8C7F630109BA700C2F575 /* OffsetKit */ = {
			isa = XCSwiftPackageProductDependency;
			productName = OffsetKit;
		};
/* End XCSwiftPackageProductDependency section */
	};
	rootObject = D6B8C7A33010978F00C2F575 /* Project object */;
}
